
Microsoft Visual Studio Solution File, Format Version 12.00
# Visual Studio Version 17
VisualStudioVersion = 17.11.35312.102
MinimumVisualStudioVersion = 10.0.40219.1
Project("{FAE04EC0-301F-11D3-BF4B-00C04F79EFBC}") = "Rmi  si", "Rmi  si\Rmi  si.csproj", "{A58D22AC-5E2B-48B8-9205-4D42E8919074}"
EndProject
Global
	GlobalSection(SolutionConfigurationPlatforms) = preSolution
		Debug|Any CPU = Debug|Any CPU
		Release|Any CPU = Release|Any CPU
	EndGlobalSection
	GlobalSection(ProjectConfigurationPlatforms) = postSolution
		{A58D22AC-5E2B-48B8-9205-4D42E8919074}.Debug|Any CPU.ActiveCfg = Debug|Any CPU
		{A58D22AC-5E2B-48B8-9205-4D42E8919074}.Debug|Any CPU.Build.0 = Debug|Any CPU
		{A58D22AC-5E2B-48B8-9205-4D42E8919074}.Release|Any CPU.ActiveCfg = Release|Any CPU
		{A58D22AC-5E2B-48B8-9205-4D42E8919074}.Release|Any CPU.Build.0 = Release|Any CPU
	EndGlobalSection
	GlobalSection(SolutionProperties) = preSolution
		HideSolutionNode = FALSE
	EndGlobalSection
	GlobalSection(ExtensibilityGlobals) = postSolution
		SolutionGuid = {0307CF1D-1A02-47DB-A9DF-ADD42676CC33}
	EndGlobalSection
EndGlobal
